
Microsoft Visual Studio Solution File, Format Version 12.00
# Visual Studio Version 17
VisualStudioVersion = 17.7.34009.444
MinimumVisualStudioVersion = 10.0.40219.1
Project("{9A19103F-16F7-4668-BE54-9A1E7A4F7556}") = "Evolent Excercise", "Evolent Excercise\Evolent Excercise.csproj", "{0479DEE7-E0DA-416F-A36F-857ADCFB2030}"
EndProject
Project("{FAE04EC0-301F-11D3-BF4B-00C04F79EFBC}") = "Evolent.Test", "Evolent.Test\Evolent.Test.csproj", "{AE3748B8-62F4-4F1B-AF01-01E23D9578AD}"
EndProject
Global
	GlobalSection(SolutionConfigurationPlatforms) = preSolution
		Debug|Any CPU = Debug|Any CPU
		Release|Any CPU = Release|Any CPU
	EndGlobalSection
	GlobalSection(ProjectConfigurationPlatforms) = postSolution
		{0479DEE7-E0DA-416F-A36F-857ADCFB2030}.Debug|Any CPU.ActiveCfg = Debug|Any CPU
		{0479DEE7-E0DA-416F-A36F-857ADCFB2030}.Debug|Any CPU.Build.0 = Debug|Any CPU
		{0479DEE7-E0DA-416F-A36F-857ADCFB2030}.Release|Any CPU.ActiveCfg = Release|Any CPU
		{0479DEE7-E0DA-416F-A36F-857ADCFB2030}.Release|Any CPU.Build.0 = Release|Any CPU
		{AE3748B8-62F4-4F1B-AF01-01E23D9578AD}.Debug|Any CPU.ActiveCfg = Debug|Any CPU
		{AE3748B8-62F4-4F1B-AF01-01E23D9578AD}.Debug|Any CPU.Build.0 = Debug|Any CPU
		{AE3748B8-62F4-4F1B-AF01-01E23D9578AD}.Release|Any CPU.ActiveCfg = Release|Any CPU
		{AE3748B8-62F4-4F1B-AF01-01E23D9578AD}.Release|Any CPU.Build.0 = Release|Any CPU
	EndGlobalSection
	GlobalSection(SolutionProperties) = preSolution
		HideSolutionNode = FALSE
	EndGlobalSection
	GlobalSection(ExtensibilityGlobals) = postSolution
		SolutionGuid = {50854923-D39A-4B9A-B42A-B2B551B0AF51}
	EndGlobalSection
EndGlobal
